<?xml version="1.0" encoding="utf-8"?>
<Project ToolsVersion="4.0" xmlns="http://schemas.microsoft.com/developer/msbuild/2003">
  <ItemGroup>
    <Filter Include="Source Files">
      <UniqueIdentifier>{a6cdeb4a-d0e8-4e2e-ab99-f93adf3d5a77}</UniqueIdentifier>
      <Extensions>cpp;c;cxx;rc;def;r;odl;idl;hpj;bat</Extensions>
    </Filter>
    <Filter Include="Header Files">
      <UniqueIdentifier>{537af82c-917a-46a3-b2b0-27a521ad8b79}</UniqueIdentifier>
      <Extensions>h;hpp;hxx;hm;inl</Extensions>
    </Filter>
    <Filter Include="Resource Files">
      <UniqueIdentifier>{bbd94109-4eb5-40c1-bd6a-47e160c1b0cb}</UniqueIdentifier>
      <Extensions>ico;cur;bmp;dlg;rc2;rct;bin;rgs;gif;jpg;jpeg;jpe</Extensions>
    </Filter>
  </ItemGroup>
  <ItemGroup>
    <ClInclude Include="elevator struct.h">
      <Filter>Header Files</Filter>
    </ClInclude>
  </ItemGroup>
  <ItemGroup>
    <ClCompile Include="main.c">
      <Filter>Source Files</Filter>
    </ClCompile>
    <ClCompile Include="顺便服务策略.c">
      <Filter>Source Files</Filter>
    </ClCompile>
    <ClCompile Include="先来先服务.c">
      <Filter>Source Files</Filter>
    </ClCompile>
    <ClCompile Include="最短平均等待时间响应策略.c">
      <Filter>Source Files</Filter>
    </ClCompile>
    <ClCompile Include="最快响应策略.c">
      <Filter>Source Files</Filter>
    </ClCompile>
  </ItemGroup>
</Project>